
Microsoft Visual Studio Solution File, Format Version 12.00
# Visual Studio Version 17
VisualStudioVersion = 17.0.31903.59
MinimumVisualStudioVersion = 10.0.40219.1
Project("{FAE04EC0-301F-11D3-BF4B-00C04F79EFBC}") = "EstructuradeDatos", "EstructuradeDatos\EstructuradeDatos.csproj", "{97C347D9-262F-4CDE-9EA2-A6C19745201A}"
EndProject
Project("{FAE04EC0-301F-11D3-BF4B-00C04F79EFBC}") = "Listas_1", "Listas_1\Listas_1.csproj", "{6CC6CD0C-77DF-42E7-83DA-5E8E5F39AEFA}"
EndProject
Project("{FAE04EC0-301F-11D3-BF4B-00C04F79EFBC}") = "ConsoleApp1", "ConsoleApp1\ConsoleApp1.csproj", "{00CFB8AF-F5B0-4FF9-BD68-6C90B72302B4}"
EndProject
Project("{FAE04EC0-301F-11D3-BF4B-00C04F79EFBC}") = "Listas_2", "Listas_2\Listas_2.csproj", "{A1A1FBE0-1B77-4C25-B42F-2069C5C3FED9}"
EndProject
Project("{FAE04EC0-301F-11D3-BF4B-00C04F79EFBC}") = "Lista_", "Lista_\Lista_.csproj", "{C858AEA6-C2D6-4376-A32C-837DD29D66E1}"
EndProject
Project("{FAE04EC0-301F-11D3-BF4B-00C04F79EFBC}") = "Lista_3", "Lista_3\Lista_3.csproj", "{0BD91C2B-A156-4C33-B58B-A43AAD9454EE}"
EndProject
Project("{FAE04EC0-301F-11D3-BF4B-00C04F79EFBC}") = "Lista_4", "Lista_4\Lista_4.csproj", "{CB77CAC4-744A-48D3-BD92-188ABAFA9EC3}"
EndProject
Project("{2150E333-8FDC-42A3-9474-1A3956D46DE8}") = "Practico_1", "Practico_1", "{379DB1B7-3896-4477-BF0F-D617B7B6FD04}"
EndProject
Project("{FAE04EC0-301F-11D3-BF4B-00C04F79EFBC}") = "Proyecto_1", "Practico_1\Proyecto_1\Proyecto_1.csproj", "{09676E1D-F0D5-4055-82E1-68D063278F4D}"
EndProject
Project("{FAE04EC0-301F-11D3-BF4B-00C04F79EFBC}") = "Practico_Ex1", "Practico_Ex1\Practico_Ex1.csproj", "{9ED2C7A6-DD7E-47A0-A65B-5BB556A5780D}"
EndProject
Project("{FAE04EC0-301F-11D3-BF4B-00C04F79EFBC}") = "Repasos", "..\REPASOS\Repasos\Repasos.csproj", "{C92DE39F-5F75-4C15-8FBF-44D49A41BB72}"
EndProject
Project("{FAE04EC0-301F-11D3-BF4B-00C04F79EFBC}") = "Semana_6", "Semana_6\Semana_6.csproj", "{34309599-23C9-4400-8EA0-CE000AF59D91}"
EndProject
Project("{FAE04EC0-301F-11D3-BF4B-00C04F79EFBC}") = "Semana_6_2", "Semana_6_2\Semana_6_2.csproj", "{63122A97-7875-4853-9FF7-CEB462B6F0E9}"
EndProject
Project("{FAE04EC0-301F-11D3-BF4B-00C04F79EFBC}") = "Semana_7", "Semana_7\Semana_7.csproj", "{A83DCEF6-9441-495A-B3C5-1CFAA41DC37F}"
EndProject
Project("{FAE04EC0-301F-11D3-BF4B-00C04F79EFBC}") = "Semana_7.1", "Semana_7.1\Semana_7.1.csproj", "{DEB5120E-789F-40E2-9414-1B83D88653EC}"
EndProject
Project("{FAE04EC0-301F-11D3-BF4B-00C04F79EFBC}") = "Experimental_2", "Experimental_2\Experimental_2.csproj", "{FBAD8860-1CA8-4C9D-A75B-23705BC00924}"
EndProject
Global
	GlobalSection(SolutionConfigurationPlatforms) = preSolution
		Debug|Any CPU = Debug|Any CPU
		Release|Any CPU = Release|Any CPU
	EndGlobalSection
	GlobalSection(SolutionProperties) = preSolution
		HideSolutionNode = FALSE
	EndGlobalSection
	GlobalSection(ProjectConfigurationPlatforms) = postSolution
		{97C347D9-262F-4CDE-9EA2-A6C19745201A}.Debug|Any CPU.ActiveCfg = Debug|Any CPU
		{97C347D9-262F-4CDE-9EA2-A6C19745201A}.Debug|Any CPU.Build.0 = Debug|Any CPU
		{97C347D9-262F-4CDE-9EA2-A6C19745201A}.Release|Any CPU.ActiveCfg = Release|Any CPU
		{97C347D9-262F-4CDE-9EA2-A6C19745201A}.Release|Any CPU.Build.0 = Release|Any CPU
		{6CC6CD0C-77DF-42E7-83DA-5E8E5F39AEFA}.Debug|Any CPU.ActiveCfg = Debug|Any CPU
		{6CC6CD0C-77DF-42E7-83DA-5E8E5F39AEFA}.Debug|Any CPU.Build.0 = Debug|Any CPU
		{6CC6CD0C-77DF-42E7-83DA-5E8E5F39AEFA}.Release|Any CPU.ActiveCfg = Release|Any CPU
		{6CC6CD0C-77DF-42E7-83DA-5E8E5F39AEFA}.Release|Any CPU.Build.0 = Release|Any CPU
		{00CFB8AF-F5B0-4FF9-BD68-6C90B72302B4}.Debug|Any CPU.ActiveCfg = Debug|Any CPU
		{00CFB8AF-F5B0-4FF9-BD68-6C90B72302B4}.Debug|Any CPU.Build.0 = Debug|Any CPU
		{00CFB8AF-F5B0-4FF9-BD68-6C90B72302B4}.Release|Any CPU.ActiveCfg = Release|Any CPU
		{00CFB8AF-F5B0-4FF9-BD68-6C90B72302B4}.Release|Any CPU.Build.0 = Release|Any CPU
		{A1A1FBE0-1B77-4C25-B42F-2069C5C3FED9}.Debug|Any CPU.ActiveCfg = Debug|Any CPU
		{A1A1FBE0-1B77-4C25-B42F-2069C5C3FED9}.Debug|Any CPU.Build.0 = Debug|Any CPU
		{A1A1FBE0-1B77-4C25-B42F-2069C5C3FED9}.Release|Any CPU.ActiveCfg = Release|Any CPU
		{A1A1FBE0-1B77-4C25-B42F-2069C5C3FED9}.Release|Any CPU.Build.0 = Release|Any CPU
		{C858AEA6-C2D6-4376-A32C-837DD29D66E1}.Debug|Any CPU.ActiveCfg = Debug|Any CPU
		{C858AEA6-C2D6-4376-A32C-837DD29D66E1}.Debug|Any CPU.Build.0 = Debug|Any CPU
		{C858AEA6-C2D6-4376-A32C-837DD29D66E1}.Release|Any CPU.ActiveCfg = Release|Any CPU
		{C858AEA6-C2D6-4376-A32C-837DD29D66E1}.Release|Any CPU.Build.0 = Release|Any CPU
		{0BD91C2B-A156-4C33-B58B-A43AAD9454EE}.Debug|Any CPU.ActiveCfg = Debug|Any CPU
		{0BD91C2B-A156-4C33-B58B-A43AAD9454EE}.Debug|Any CPU.Build.0 = Debug|Any CPU
		{0BD91C2B-A156-4C33-B58B-A43AAD9454EE}.Release|Any CPU.ActiveCfg = Release|Any CPU
		{0BD91C2B-A156-4C33-B58B-A43AAD9454EE}.Release|Any CPU.Build.0 = Release|Any CPU
		{CB77CAC4-744A-48D3-BD92-188ABAFA9EC3}.Debug|Any CPU.ActiveCfg = Debug|Any CPU
		{CB77CAC4-744A-48D3-BD92-188ABAFA9EC3}.Debug|Any CPU.Build.0 = Debug|Any CPU
		{CB77CAC4-744A-48D3-BD92-188ABAFA9EC3}.Release|Any CPU.ActiveCfg = Release|Any CPU
		{CB77CAC4-744A-48D3-BD92-188ABAFA9EC3}.Release|Any CPU.Build.0 = Release|Any CPU
		{09676E1D-F0D5-4055-82E1-68D063278F4D}.Debug|Any CPU.ActiveCfg = Debug|Any CPU
		{09676E1D-F0D5-4055-82E1-68D063278F4D}.Debug|Any CPU.Build.0 = Debug|Any CPU
		{09676E1D-F0D5-4055-82E1-68D063278F4D}.Release|Any CPU.ActiveCfg = Release|Any CPU
		{09676E1D-F0D5-4055-82E1-68D063278F4D}.Release|Any CPU.Build.0 = Release|Any CPU
		{9ED2C7A6-DD7E-47A0-A65B-5BB556A5780D}.Debug|Any CPU.ActiveCfg = Debug|Any CPU
		{9ED2C7A6-DD7E-47A0-A65B-5BB556A5780D}.Debug|Any CPU.Build.0 = Debug|Any CPU
		{9ED2C7A6-DD7E-47A0-A65B-5BB556A5780D}.Release|Any CPU.ActiveCfg = Release|Any CPU
		{9ED2C7A6-DD7E-47A0-A65B-5BB556A5780D}.Release|Any CPU.Build.0 = Release|Any CPU
		{C92DE39F-5F75-4C15-8FBF-44D49A41BB72}.Debug|Any CPU.ActiveCfg = Debug|Any CPU
		{C92DE39F-5F75-4C15-8FBF-44D49A41BB72}.Debug|Any CPU.Build.0 = Debug|Any CPU
		{C92DE39F-5F75-4C15-8FBF-44D49A41BB72}.Release|Any CPU.ActiveCfg = Release|Any CPU
		{C92DE39F-5F75-4C15-8FBF-44D49A41BB72}.Release|Any CPU.Build.0 = Release|Any CPU
		{34309599-23C9-4400-8EA0-CE000AF59D91}.Debug|Any CPU.ActiveCfg = Debug|Any CPU
		{34309599-23C9-4400-8EA0-CE000AF59D91}.Debug|Any CPU.Build.0 = Debug|Any CPU
		{34309599-23C9-4400-8EA0-CE000AF59D91}.Release|Any CPU.ActiveCfg = Release|Any CPU
		{34309599-23C9-4400-8EA0-CE000AF59D91}.Release|Any CPU.Build.0 = Release|Any CPU
		{63122A97-7875-4853-9FF7-CEB462B6F0E9}.Debug|Any CPU.ActiveCfg = Debug|Any CPU
		{63122A97-7875-4853-9FF7-CEB462B6F0E9}.Debug|Any CPU.Build.0 = Debug|Any CPU
		{63122A97-7875-4853-9FF7-CEB462B6F0E9}.Release|Any CPU.ActiveCfg = Release|Any CPU
		{63122A97-7875-4853-9FF7-CEB462B6F0E9}.Release|Any CPU.Build.0 = Release|Any CPU
		{A83DCEF6-9441-495A-B3C5-1CFAA41DC37F}.Debug|Any CPU.ActiveCfg = Debug|Any CPU
		{A83DCEF6-9441-495A-B3C5-1CFAA41DC37F}.Debug|Any CPU.Build.0 = Debug|Any CPU
		{A83DCEF6-9441-495A-B3C5-1CFAA41DC37F}.Release|Any CPU.ActiveCfg = Release|Any CPU
		{A83DCEF6-9441-495A-B3C5-1CFAA41DC37F}.Release|Any CPU.Build.0 = Release|Any CPU
		{DEB5120E-789F-40E2-9414-1B83D88653EC}.Debug|Any CPU.ActiveCfg = Debug|Any CPU
		{DEB5120E-789F-40E2-9414-1B83D88653EC}.Debug|Any CPU.Build.0 = Debug|Any CPU
		{DEB5120E-789F-40E2-9414-1B83D88653EC}.Release|Any CPU.ActiveCfg = Release|Any CPU
		{DEB5120E-789F-40E2-9414-1B83D88653EC}.Release|Any CPU.Build.0 = Release|Any CPU
		{FBAD8860-1CA8-4C9D-A75B-23705BC00924}.Debug|Any CPU.ActiveCfg = Debug|Any CPU
		{FBAD8860-1CA8-4C9D-A75B-23705BC00924}.Debug|Any CPU.Build.0 = Debug|Any CPU
		{FBAD8860-1CA8-4C9D-A75B-23705BC00924}.Release|Any CPU.ActiveCfg = Release|Any CPU
		{FBAD8860-1CA8-4C9D-A75B-23705BC00924}.Release|Any CPU.Build.0 = Release|Any CPU
	EndGlobalSection
	GlobalSection(NestedProjects) = preSolution
		{09676E1D-F0D5-4055-82E1-68D063278F4D} = {379DB1B7-3896-4477-BF0F-D617B7B6FD04}
	EndGlobalSection
EndGlobal
