Microsoft Visual Studio Solution File, Format Version 12.00
# Visual Studio Version 17
VisualStudioVersion = 17.5.2.0
MinimumVisualStudioVersion = 10.0.40219.1
Project("{FAE04EC0-301F-11D3-BF4B-00C04F79EFBC}") = "Semana_13", "Semana_13.csproj", "{37ADFE57-0C96-2574-F2B0-8B9A610097DC}"
EndProject
Project("{FAE04EC0-301F-11D3-BF4B-00C04F79EFBC}") = "Sistemas", "..\..\..\Sistemas\Sistemas\Sistemas.csproj", "{4EAEAF66-5EEB-4626-87DE-437BF9265FD4}"
EndProject
Global
	GlobalSection(SolutionConfigurationPlatforms) = preSolution
		Debug|Any CPU = Debug|Any CPU
		Release|Any CPU = Release|Any CPU
	EndGlobalSection
	GlobalSection(ProjectConfigurationPlatforms) = postSolution
		{37ADFE57-0C96-2574-F2B0-8B9A610097DC}.Debug|Any CPU.ActiveCfg = Debug|Any CPU
		{37ADFE57-0C96-2574-F2B0-8B9A610097DC}.Debug|Any CPU.Build.0 = Debug|Any CPU
		{37ADFE57-0C96-2574-F2B0-8B9A610097DC}.Release|Any CPU.ActiveCfg = Release|Any CPU
		{37ADFE57-0C96-2574-F2B0-8B9A610097DC}.Release|Any CPU.Build.0 = Release|Any CPU
		{4EAEAF66-5EEB-4626-87DE-437BF9265FD4}.Debug|Any CPU.ActiveCfg = Debug|Any CPU
		{4EAEAF66-5EEB-4626-87DE-437BF9265FD4}.Debug|Any CPU.Build.0 = Debug|Any CPU
		{4EAEAF66-5EEB-4626-87DE-437BF9265FD4}.Release|Any CPU.ActiveCfg = Release|Any CPU
		{4EAEAF66-5EEB-4626-87DE-437BF9265FD4}.Release|Any CPU.Build.0 = Release|Any CPU
	EndGlobalSection
	GlobalSection(SolutionProperties) = preSolution
		HideSolutionNode = FALSE
	EndGlobalSection
	GlobalSection(ExtensibilityGlobals) = postSolution
		SolutionGuid = {9520E5DB-B93D-42F0-B1EF-9C9539477B9D}
	EndGlobalSection
EndGlobal
